
Microsoft Visual Studio Solution File, Format Version 12.00
# Visual Studio Version 16
VisualStudioVersion = 16.0.30011.22
MinimumVisualStudioVersion = 10.0.40219.1
Project("{9A19103F-16F7-4668-BE54-9A1E7A4F7556}") = "SchoolProject.DataAccess", "SchoolProject.DataAccess\SchoolProject.DataAccess.csproj", "{B979D8C1-777B-466C-A917-C6CC24FD44E9}"
EndProject
Project("{9A19103F-16F7-4668-BE54-9A1E7A4F7556}") = "SchoolProject.Facade", "SchoolProject.Facade\SchoolProject.Facade.csproj", "{8C007042-F356-4B0A-9B03-A16F5E38CE6A}"
EndProject
Project("{9A19103F-16F7-4668-BE54-9A1E7A4F7556}") = "SchoolProject.Web", "SchoolProject.Web\SchoolProject.Web.csproj", "{A72979E4-5BBA-4A37-980E-933C7B5308E4}"
EndProject
Global
	GlobalSection(SolutionConfigurationPlatforms) = preSolution
		Debug|Any CPU = Debug|Any CPU
		Release|Any CPU = Release|Any CPU
	EndGlobalSection
	GlobalSection(ProjectConfigurationPlatforms) = postSolution
		{B979D8C1-777B-466C-A917-C6CC24FD44E9}.Debug|Any CPU.ActiveCfg = Debug|Any CPU
		{B979D8C1-777B-466C-A917-C6CC24FD44E9}.Debug|Any CPU.Build.0 = Debug|Any CPU
		{B979D8C1-777B-466C-A917-C6CC24FD44E9}.Release|Any CPU.ActiveCfg = Release|Any CPU
		{B979D8C1-777B-466C-A917-C6CC24FD44E9}.Release|Any CPU.Build.0 = Release|Any CPU
		{8C007042-F356-4B0A-9B03-A16F5E38CE6A}.Debug|Any CPU.ActiveCfg = Debug|Any CPU
		{8C007042-F356-4B0A-9B03-A16F5E38CE6A}.Debug|Any CPU.Build.0 = Debug|Any CPU
		{8C007042-F356-4B0A-9B03-A16F5E38CE6A}.Release|Any CPU.ActiveCfg = Release|Any CPU
		{8C007042-F356-4B0A-9B03-A16F5E38CE6A}.Release|Any CPU.Build.0 = Release|Any CPU
		{A72979E4-5BBA-4A37-980E-933C7B5308E4}.Debug|Any CPU.ActiveCfg = Debug|Any CPU
		{A72979E4-5BBA-4A37-980E-933C7B5308E4}.Debug|Any CPU.Build.0 = Debug|Any CPU
		{A72979E4-5BBA-4A37-980E-933C7B5308E4}.Release|Any CPU.ActiveCfg = Release|Any CPU
		{A72979E4-5BBA-4A37-980E-933C7B5308E4}.Release|Any CPU.Build.0 = Release|Any CPU
	EndGlobalSection
	GlobalSection(SolutionProperties) = preSolution
		HideSolutionNode = FALSE
	EndGlobalSection
	GlobalSection(ExtensibilityGlobals) = postSolution
		SolutionGuid = {A0FA3852-5D85-4BC0-854C-CF3D4809FEAF}
	EndGlobalSection
EndGlobal
